
Microsoft Visual Studio Solution File, Format Version 12.00
# Visual Studio Version 16
VisualStudioVersion = 16.0.34031.81
MinimumVisualStudioVersion = 10.0.40219.1
Project("{FAE04EC0-301F-11D3-BF4B-00C04F79EFBC}") = "TinhTongDeQui", "TinhTongDeQui\TinhTongDeQui.csproj", "{8571C93B-A720-4ECC-8E0E-70D7C24E0327}"
EndProject
Project("{FAE04EC0-301F-11D3-BF4B-00C04F79EFBC}") = "TinhTongKhongDeQui", "TinhTongKhongDeQui\TinhTongKhongDeQui.csproj", "{677A9A96-B658-4D07-BCD2-3F4DDE24A93C}"
EndProject
Project("{FAE04EC0-301F-11D3-BF4B-00C04F79EFBC}") = "QuickSort_DeQui", "QuickSort_DeQui\QuickSort_DeQui.csproj", "{F202471A-BDAF-4EA1-98D2-D51D493380BE}"
EndProject
Project("{FAE04EC0-301F-11D3-BF4B-00C04F79EFBC}") = "TimKiemNhiPhan_DeQui", "TimKiemNhiPhan_DeQui\TimKiemNhiPhan_DeQui.csproj", "{EAAA5402-5F6D-49A4-90D9-079076933834}"
EndProject
Project("{FAE04EC0-301F-11D3-BF4B-00C04F79EFBC}") = "TimKiemNhiPhan_KhongDeQui", "TimKiemNhiPhan_KhongDeQui\TimKiemNhiPhan_KhongDeQui.csproj", "{BA8D93F8-D49B-4D4E-9B88-3FD44E14D401}"
EndProject
Global
	GlobalSection(SolutionConfigurationPlatforms) = preSolution
		Debug|Any CPU = Debug|Any CPU
		Release|Any CPU = Release|Any CPU
	EndGlobalSection
	GlobalSection(ProjectConfigurationPlatforms) = postSolution
		{8571C93B-A720-4ECC-8E0E-70D7C24E0327}.Debug|Any CPU.ActiveCfg = Debug|Any CPU
		{8571C93B-A720-4ECC-8E0E-70D7C24E0327}.Debug|Any CPU.Build.0 = Debug|Any CPU
		{8571C93B-A720-4ECC-8E0E-70D7C24E0327}.Release|Any CPU.ActiveCfg = Release|Any CPU
		{8571C93B-A720-4ECC-8E0E-70D7C24E0327}.Release|Any CPU.Build.0 = Release|Any CPU
		{677A9A96-B658-4D07-BCD2-3F4DDE24A93C}.Debug|Any CPU.ActiveCfg = Debug|Any CPU
		{677A9A96-B658-4D07-BCD2-3F4DDE24A93C}.Debug|Any CPU.Build.0 = Debug|Any CPU
		{677A9A96-B658-4D07-BCD2-3F4DDE24A93C}.Release|Any CPU.ActiveCfg = Release|Any CPU
		{677A9A96-B658-4D07-BCD2-3F4DDE24A93C}.Release|Any CPU.Build.0 = Release|Any CPU
		{F202471A-BDAF-4EA1-98D2-D51D493380BE}.Debug|Any CPU.ActiveCfg = Debug|Any CPU
		{F202471A-BDAF-4EA1-98D2-D51D493380BE}.Debug|Any CPU.Build.0 = Debug|Any CPU
		{F202471A-BDAF-4EA1-98D2-D51D493380BE}.Release|Any CPU.ActiveCfg = Release|Any CPU
		{F202471A-BDAF-4EA1-98D2-D51D493380BE}.Release|Any CPU.Build.0 = Release|Any CPU
		{EAAA5402-5F6D-49A4-90D9-079076933834}.Debug|Any CPU.ActiveCfg = Debug|Any CPU
		{EAAA5402-5F6D-49A4-90D9-079076933834}.Debug|Any CPU.Build.0 = Debug|Any CPU
		{EAAA5402-5F6D-49A4-90D9-079076933834}.Release|Any CPU.ActiveCfg = Release|Any CPU
		{EAAA5402-5F6D-49A4-90D9-079076933834}.Release|Any CPU.Build.0 = Release|Any CPU
		{BA8D93F8-D49B-4D4E-9B88-3FD44E14D401}.Debug|Any CPU.ActiveCfg = Debug|Any CPU
		{BA8D93F8-D49B-4D4E-9B88-3FD44E14D401}.Debug|Any CPU.Build.0 = Debug|Any CPU
		{BA8D93F8-D49B-4D4E-9B88-3FD44E14D401}.Release|Any CPU.ActiveCfg = Release|Any CPU
		{BA8D93F8-D49B-4D4E-9B88-3FD44E14D401}.Release|Any CPU.Build.0 = Release|Any CPU
	EndGlobalSection
	GlobalSection(SolutionProperties) = preSolution
		HideSolutionNode = FALSE
	EndGlobalSection
	GlobalSection(ExtensibilityGlobals) = postSolution
		SolutionGuid = {8A7963E8-7990-44EB-BEA7-1706A597765B}
	EndGlobalSection
EndGlobal
